
Microsoft Visual Studio Solution File, Format Version 12.00
# Visual Studio Version 17
VisualStudioVersion = 17.5.33516.290
MinimumVisualStudioVersion = 10.0.40219.1
Project("{FAE04EC0-301F-11D3-BF4B-00C04F79EFBC}") = "API", "API\API.csproj", "{9D863E4B-7562-463B-BEB9-1EB6F4B34BDA}"
EndProject
Global
	GlobalSection(SolutionConfigurationPlatforms) = preSolution
		Debug|Any CPU = Debug|Any CPU
		Release|Any CPU = Release|Any CPU
	EndGlobalSection
	GlobalSection(ProjectConfigurationPlatforms) = postSolution
		{9D863E4B-7562-463B-BEB9-1EB6F4B34BDA}.Debug|Any CPU.ActiveCfg = Debug|Any CPU
		{9D863E4B-7562-463B-BEB9-1EB6F4B34BDA}.Debug|Any CPU.Build.0 = Debug|Any CPU
		{9D863E4B-7562-463B-BEB9-1EB6F4B34BDA}.Release|Any CPU.ActiveCfg = Release|Any CPU
		{9D863E4B-7562-463B-BEB9-1EB6F4B34BDA}.Release|Any CPU.Build.0 = Release|Any CPU
	EndGlobalSection
	GlobalSection(SolutionProperties) = preSolution
		HideSolutionNode = FALSE
	EndGlobalSection
	GlobalSection(ExtensibilityGlobals) = postSolution
		SolutionGuid = {0A79C331-8675-4416-B7B9-A8E4978E62A4}
	EndGlobalSection
EndGlobal
